<Solution>
  <Folder Name="/.github/">
    <File Path="../.github/copilot-instructions.md" />
  </Folder>
  <Configurations>
    <BuildType Name="Release" />
  </Configurations>
  <Project Path="MechanicalPoweredArmorCE/MechanicalPoweredArmorCE.csproj" Type="5dcb937d-ae57-4217-92ed-5defd47db3bd" />
  <Project Path="MechanicalPoweredArmorVanilla/MechanicalPoweredArmorVanilla.csproj" />
  <Project Path="Tower_WeaponDrawFrameCE/Tower_WeaponDrawFrameCE.csproj" Type="2f12a27f-d984-4781-bb5f-34ef94f1d110" />
  <Project Path="Tower_WeaponDrawFrameVanilla/Tower_WeaponDrawFrameVanilla.csproj" />
</Solution>